// !$*UTF8*$!
{
	archiveVersion = 1;
	classes = {
	};
	objectVersion = 56;
	objects = {

/* Begin PBXBuildFile section */
		673BDCBE2BFEAA090097B038 /* GoogleSignIn in Frameworks */ = {isa = PBXBuildFile; productRef = 673BDCBD2BFEAA090097B038 /* GoogleSignIn */; };
		673BDCC02BFEAA090097B038 /* GoogleSignInSwift in Frameworks */ = {isa = PBXBuildFile; productRef = 673BDCBF2BFEAA090097B038 /* GoogleSignInSwift */; };
		6764D7372BFBBAEC00119D62 /* br2_ios_baseApp.swift in Sources */ = {isa = PBXBuildFile; fileRef = 6764D7362BFBBAEC00119D62 /* br2_ios_baseApp.swift */; };
		6764D7392BFBBAEC00119D62 /* ContentView.swift in Sources */ = {isa = PBXBuildFile; fileRef = 6764D7382BFBBAEC00119D62 /* ContentView.swift */; };
		6764D73B2BFBBAED00119D62 /* Assets.xcassets in Resources */ = {isa = PBXBuildFile; fileRef = 6764D73A2BFBBAED00119D62 /* Assets.xcassets */; };
		6764D73E2BFBBAED00119D62 /* Preview Assets.xcassets in Resources */ = {isa = PBXBuildFile; fileRef = 6764D73D2BFBBAED00119D62 /* Preview Assets.xcassets */; };
		6764D7462BFBBB1D00119D62 /* AuthView.swift in Sources */ = {isa = PBXBuildFile; fileRef = 6764D7452BFBBB1D00119D62 /* AuthView.swift */; };
		6764D74A2BFBBB3E00119D62 /* AuthViewModel.swift in Sources */ = {isa = PBXBuildFile; fileRef = 6764D7492BFBBB3E00119D62 /* AuthViewModel.swift */; };
		6764D74F2BFBBDFE00119D62 /* ReSwift in Frameworks */ = {isa = PBXBuildFile; productRef = 6764D74E2BFBBDFE00119D62 /* ReSwift */; };
		6764D7592BFBCBEF00119D62 /* PreferencesView.swift in Sources */ = {isa = PBXBuildFile; fileRef = 6764D7582BFBCBEF00119D62 /* PreferencesView.swift */; };
		6764D75B2BFBCC0100119D62 /* PreferencesViewModel.swift in Sources */ = {isa = PBXBuildFile; fileRef = 6764D75A2BFBCC0100119D62 /* PreferencesViewModel.swift */; };
		6764D75E2BFBCCD000119D62 /* UserProfileView.swift in Sources */ = {isa = PBXBuildFile; fileRef = 6764D75D2BFBCCD000119D62 /* UserProfileView.swift */; };
		6764D7602BFBCCDF00119D62 /* UserProfileViewModel.swift in Sources */ = {isa = PBXBuildFile; fileRef = 6764D75F2BFBCCDF00119D62 /* UserProfileViewModel.swift */; };
		6764D7632BFBD06100119D62 /* HomeView.swift in Sources */ = {isa = PBXBuildFile; fileRef = 6764D7622BFBD06100119D62 /* HomeView.swift */; };
		6764D7652BFBD06F00119D62 /* HomeViewModel.swift in Sources */ = {isa = PBXBuildFile; fileRef = 6764D7642BFBD06F00119D62 /* HomeViewModel.swift */; };
		6764D7672BFBD9BB00119D62 /* AppState.swift in Sources */ = {isa = PBXBuildFile; fileRef = 6764D7662BFBD9BB00119D62 /* AppState.swift */; };
		6764D76B2BFBDA4400119D62 /* AuthService.swift in Sources */ = {isa = PBXBuildFile; fileRef = 6764D76A2BFBDA4400119D62 /* AuthService.swift */; };
		676DD2422BFD2FDD00AEBFA3 /* FirebaseAnalytics in Frameworks */ = {isa = PBXBuildFile; productRef = 676DD2412BFD2FDD00AEBFA3 /* FirebaseAnalytics */; };
		676DD2442BFD2FDD00AEBFA3 /* FirebaseAnalyticsOnDeviceConversion in Frameworks */ = {isa = PBXBuildFile; productRef = 676DD2432BFD2FDD00AEBFA3 /* FirebaseAnalyticsOnDeviceConversion */; };
		676DD2462BFD2FDD00AEBFA3 /* FirebaseAnalyticsSwift in Frameworks */ = {isa = PBXBuildFile; productRef = 676DD2452BFD2FDD00AEBFA3 /* FirebaseAnalyticsSwift */; };
		676DD2482BFD2FDD00AEBFA3 /* FirebaseAnalyticsWithoutAdIdSupport in Frameworks */ = {isa = PBXBuildFile; productRef = 676DD2472BFD2FDD00AEBFA3 /* FirebaseAnalyticsWithoutAdIdSupport */; };
		676DD24A2BFD2FDD00AEBFA3 /* FirebaseAppCheck in Frameworks */ = {isa = PBXBuildFile; productRef = 676DD2492BFD2FDD00AEBFA3 /* FirebaseAppCheck */; };
		676DD24E2BFDDA4300AEBFA3 /* GoogleService-Info.plist in Resources */ = {isa = PBXBuildFile; fileRef = 676DD24D2BFDDA4300AEBFA3 /* GoogleService-Info.plist */; };
		676DD2502BFDDB5F00AEBFA3 /* FirebaseAnalytics in Frameworks */ = {isa = PBXBuildFile; productRef = 676DD24F2BFDDB5F00AEBFA3 /* FirebaseAnalytics */; };
		676DD2522BFDDB5F00AEBFA3 /* FirebaseAnalyticsOnDeviceConversion in Frameworks */ = {isa = PBXBuildFile; productRef = 676DD2512BFDDB5F00AEBFA3 /* FirebaseAnalyticsOnDeviceConversion */; };
		676DD2542BFDDB5F00AEBFA3 /* FirebaseAnalyticsSwift in Frameworks */ = {isa = PBXBuildFile; productRef = 676DD2532BFDDB5F00AEBFA3 /* FirebaseAnalyticsSwift */; };
		676DD2562BFDDB5F00AEBFA3 /* FirebaseAnalyticsWithoutAdIdSupport in Frameworks */ = {isa = PBXBuildFile; productRef = 676DD2552BFDDB5F00AEBFA3 /* FirebaseAnalyticsWithoutAdIdSupport */; };
		676DD2582BFDDB5F00AEBFA3 /* FirebaseAppCheck in Frameworks */ = {isa = PBXBuildFile; productRef = 676DD2572BFDDB5F00AEBFA3 /* FirebaseAppCheck */; };
		676DD25A2BFDDB5F00AEBFA3 /* FirebaseAppDistribution-Beta in Frameworks */ = {isa = PBXBuildFile; productRef = 676DD2592BFDDB5F00AEBFA3 /* FirebaseAppDistribution-Beta */; };
		676DD25C2BFDDB5F00AEBFA3 /* FirebaseAuth in Frameworks */ = {isa = PBXBuildFile; productRef = 676DD25B2BFDDB5F00AEBFA3 /* FirebaseAuth */; };
		676DD25E2BFDDB5F00AEBFA3 /* FirebaseAuthCombine-Community in Frameworks */ = {isa = PBXBuildFile; productRef = 676DD25D2BFDDB5F00AEBFA3 /* FirebaseAuthCombine-Community */; };
		676DD2602BFDDB5F00AEBFA3 /* FirebaseCrashlytics in Frameworks */ = {isa = PBXBuildFile; productRef = 676DD25F2BFDDB5F00AEBFA3 /* FirebaseCrashlytics */; };
		676DD2622BFDDB5F00AEBFA3 /* FirebaseDatabase in Frameworks */ = {isa = PBXBuildFile; productRef = 676DD2612BFDDB5F00AEBFA3 /* FirebaseDatabase */; };
		676DD2642BFDDB5F00AEBFA3 /* FirebaseDatabaseSwift in Frameworks */ = {isa = PBXBuildFile; productRef = 676DD2632BFDDB5F00AEBFA3 /* FirebaseDatabaseSwift */; };
/* End PBXBuildFile section */

/* Begin PBXFileReference section */
		6764D7332BFBBAEC00119D62 /* br2-ios-base.app */ = {isa = PBXFileReference; explicitFileType = wrapper.application; includeInIndex = 0; path = "br2-ios-base.app"; sourceTree = BUILT_PRODUCTS_DIR; };
		6764D7362BFBBAEC00119D62 /* br2_ios_baseApp.swift */ = {isa = PBXFileReference; lastKnownFileType = sourcecode.swift; path = br2_ios_baseApp.swift; sourceTree = "<group>"; };
		6764D7382BFBBAEC00119D62 /* ContentView.swift */ = {isa = PBXFileReference; lastKnownFileType = sourcecode.swift; path = ContentView.swift; sourceTree = "<group>"; };
		6764D73A2BFBBAED00119D62 /* Assets.xcassets */ = {isa = PBXFileReference; lastKnownFileType = folder.assetcatalog; path = Assets.xcassets; sourceTree = "<group>"; };
		6764D73D2BFBBAED00119D62 /* Preview Assets.xcassets */ = {isa = PBXFileReference; lastKnownFileType = folder.assetcatalog; path = "Preview Assets.xcassets"; sourceTree = "<group>"; };
		6764D7452BFBBB1D00119D62 /* AuthView.swift */ = {isa = PBXFileReference; lastKnownFileType = sourcecode.swift; path = AuthView.swift; sourceTree = "<group>"; };
		6764D7492BFBBB3E00119D62 /* AuthViewModel.swift */ = {isa = PBXFileReference; lastKnownFileType = sourcecode.swift; path = AuthViewModel.swift; sourceTree = "<group>"; };
		6764D7582BFBCBEF00119D62 /* PreferencesView.swift */ = {isa = PBXFileReference; lastKnownFileType = sourcecode.swift; path = PreferencesView.swift; sourceTree = "<group>"; };
		6764D75A2BFBCC0100119D62 /* PreferencesViewModel.swift */ = {isa = PBXFileReference; lastKnownFileType = sourcecode.swift; path = PreferencesViewModel.swift; sourceTree = "<group>"; };
		6764D75D2BFBCCD000119D62 /* UserProfileView.swift */ = {isa = PBXFileReference; lastKnownFileType = sourcecode.swift; path = UserProfileView.swift; sourceTree = "<group>"; };
		6764D75F2BFBCCDF00119D62 /* UserProfileViewModel.swift */ = {isa = PBXFileReference; lastKnownFileType = sourcecode.swift; path = UserProfileViewModel.swift; sourceTree = "<group>"; };
		6764D7622BFBD06100119D62 /* HomeView.swift */ = {isa = PBXFileReference; lastKnownFileType = sourcecode.swift; path = HomeView.swift; sourceTree = "<group>"; };
		6764D7642BFBD06F00119D62 /* HomeViewModel.swift */ = {isa = PBXFileReference; lastKnownFileType = sourcecode.swift; path = HomeViewModel.swift; sourceTree = "<group>"; };
		6764D7662BFBD9BB00119D62 /* AppState.swift */ = {isa = PBXFileReference; lastKnownFileType = sourcecode.swift; path = AppState.swift; sourceTree = "<group>"; };
		6764D76A2BFBDA4400119D62 /* AuthService.swift */ = {isa = PBXFileReference; lastKnownFileType = sourcecode.swift; path = AuthService.swift; sourceTree = "<group>"; };
		676DD24D2BFDDA4300AEBFA3 /* GoogleService-Info.plist */ = {isa = PBXFileReference; fileEncoding = 4; lastKnownFileType = text.plist.xml; path = "GoogleService-Info.plist"; sourceTree = "<group>"; };
/* End PBXFileReference section */

/* Begin PBXFrameworksBuildPhase section */
		6764D7302BFBBAEC00119D62 /* Frameworks */ = {
			isa = PBXFrameworksBuildPhase;
			buildActionMask = 2147483647;
			files = (
				673BDCC02BFEAA090097B038 /* GoogleSignInSwift in Frameworks */,
				676DD2542BFDDB5F00AEBFA3 /* FirebaseAnalyticsSwift in Frameworks */,
				676DD2562BFDDB5F00AEBFA3 /* FirebaseAnalyticsWithoutAdIdSupport in Frameworks */,
				676DD2502BFDDB5F00AEBFA3 /* FirebaseAnalytics in Frameworks */,
				676DD2462BFD2FDD00AEBFA3 /* FirebaseAnalyticsSwift in Frameworks */,
				676DD2482BFD2FDD00AEBFA3 /* FirebaseAnalyticsWithoutAdIdSupport in Frameworks */,
				676DD25E2BFDDB5F00AEBFA3 /* FirebaseAuthCombine-Community in Frameworks */,
				676DD2622BFDDB5F00AEBFA3 /* FirebaseDatabase in Frameworks */,
				676DD2422BFD2FDD00AEBFA3 /* FirebaseAnalytics in Frameworks */,
				676DD2442BFD2FDD00AEBFA3 /* FirebaseAnalyticsOnDeviceConversion in Frameworks */,
				676DD24A2BFD2FDD00AEBFA3 /* FirebaseAppCheck in Frameworks */,
				6764D74F2BFBBDFE00119D62 /* ReSwift in Frameworks */,
				676DD2522BFDDB5F00AEBFA3 /* FirebaseAnalyticsOnDeviceConversion in Frameworks */,
				676DD25C2BFDDB5F00AEBFA3 /* FirebaseAuth in Frameworks */,
				676DD2602BFDDB5F00AEBFA3 /* FirebaseCrashlytics in Frameworks */,
				676DD2642BFDDB5F00AEBFA3 /* FirebaseDatabaseSwift in Frameworks */,
				676DD2582BFDDB5F00AEBFA3 /* FirebaseAppCheck in Frameworks */,
				676DD25A2BFDDB5F00AEBFA3 /* FirebaseAppDistribution-Beta in Frameworks */,
				673BDCBE2BFEAA090097B038 /* GoogleSignIn in Frameworks */,
			);
			runOnlyForDeploymentPostprocessing = 0;
		};
/* End PBXFrameworksBuildPhase section */

/* Begin PBXGroup section */
		6764D72A2BFBBAEC00119D62 = {
			isa = PBXGroup;
			children = (
				6764D7352BFBBAEC00119D62 /* br2-ios-base */,
				6764D7342BFBBAEC00119D62 /* Products */,
			);
			sourceTree = "<group>";
		};
		6764D7342BFBBAEC00119D62 /* Products */ = {
			isa = PBXGroup;
			children = (
				6764D7332BFBBAEC00119D62 /* br2-ios-base.app */,
			);
			name = Products;
			sourceTree = "<group>";
		};
		6764D7352BFBBAEC00119D62 /* br2-ios-base */ = {
			isa = PBXGroup;
			children = (
				676DD24D2BFDDA4300AEBFA3 /* GoogleService-Info.plist */,
				6764D7692BFBDA3600119D62 /* Services */,
				6764D7682BFBDA2100119D62 /* Features */,
				6764D7362BFBBAEC00119D62 /* br2_ios_baseApp.swift */,
				6764D7382BFBBAEC00119D62 /* ContentView.swift */,
				6764D7662BFBD9BB00119D62 /* AppState.swift */,
				6764D73A2BFBBAED00119D62 /* Assets.xcassets */,
				6764D73C2BFBBAED00119D62 /* Preview Content */,
			);
			path = "br2-ios-base";
			sourceTree = "<group>";
		};
		6764D73C2BFBBAED00119D62 /* Preview Content */ = {
			isa = PBXGroup;
			children = (
				6764D73D2BFBBAED00119D62 /* Preview Assets.xcassets */,
			);
			path = "Preview Content";
			sourceTree = "<group>";
		};
		6764D7442BFBBB0000119D62 /* Auth */ = {
			isa = PBXGroup;
			children = (
				6764D7452BFBBB1D00119D62 /* AuthView.swift */,
				6764D7492BFBBB3E00119D62 /* AuthViewModel.swift */,
			);
			path = Auth;
			sourceTree = "<group>";
		};
		6764D7572BFBCBD000119D62 /* Preferences */ = {
			isa = PBXGroup;
			children = (
				6764D7582BFBCBEF00119D62 /* PreferencesView.swift */,
				6764D75A2BFBCC0100119D62 /* PreferencesViewModel.swift */,
			);
			path = Preferences;
			sourceTree = "<group>";
		};
		6764D75C2BFBCCB700119D62 /* UserProfile */ = {
			isa = PBXGroup;
			children = (
				6764D75D2BFBCCD000119D62 /* UserProfileView.swift */,
				6764D75F2BFBCCDF00119D62 /* UserProfileViewModel.swift */,
			);
			path = UserProfile;
			sourceTree = "<group>";
		};
		6764D7612BFBD04000119D62 /* Home */ = {
			isa = PBXGroup;
			children = (
				6764D7622BFBD06100119D62 /* HomeView.swift */,
				6764D7642BFBD06F00119D62 /* HomeViewModel.swift */,
			);
			path = Home;
			sourceTree = "<group>";
		};
		6764D7682BFBDA2100119D62 /* Features */ = {
			isa = PBXGroup;
			children = (
				6764D7612BFBD04000119D62 /* Home */,
				6764D75C2BFBCCB700119D62 /* UserProfile */,
				6764D7572BFBCBD000119D62 /* Preferences */,
				6764D7442BFBBB0000119D62 /* Auth */,
			);
			path = Features;
			sourceTree = "<group>";
		};
		6764D7692BFBDA3600119D62 /* Services */ = {
			isa = PBXGroup;
			children = (
				6764D76A2BFBDA4400119D62 /* AuthService.swift */,
			);
			path = Services;
			sourceTree = "<group>";
		};
/* End PBXGroup section */

/* Begin PBXNativeTarget section */
		6764D7322BFBBAEC00119D62 /* br2-ios-base */ = {
			isa = PBXNativeTarget;
			buildConfigurationList = 6764D7412BFBBAED00119D62 /* Build configuration list for PBXNativeTarget "br2-ios-base" */;
			buildPhases = (
				6764D72F2BFBBAEC00119D62 /* Sources */,
				6764D7302BFBBAEC00119D62 /* Frameworks */,
				6764D7312BFBBAEC00119D62 /* Resources */,
			);
			buildRules = (
			);
			dependencies = (
			);
			name = "br2-ios-base";
			packageProductDependencies = (
				6764D74E2BFBBDFE00119D62 /* ReSwift */,
				676DD2412BFD2FDD00AEBFA3 /* FirebaseAnalytics */,
				676DD2432BFD2FDD00AEBFA3 /* FirebaseAnalyticsOnDeviceConversion */,
				676DD2452BFD2FDD00AEBFA3 /* FirebaseAnalyticsSwift */,
				676DD2472BFD2FDD00AEBFA3 /* FirebaseAnalyticsWithoutAdIdSupport */,
				676DD2492BFD2FDD00AEBFA3 /* FirebaseAppCheck */,
				676DD24F2BFDDB5F00AEBFA3 /* FirebaseAnalytics */,
				676DD2512BFDDB5F00AEBFA3 /* FirebaseAnalyticsOnDeviceConversion */,
				676DD2532BFDDB5F00AEBFA3 /* FirebaseAnalyticsSwift */,
				676DD2552BFDDB5F00AEBFA3 /* FirebaseAnalyticsWithoutAdIdSupport */,
				676DD2572BFDDB5F00AEBFA3 /* FirebaseAppCheck */,
				676DD2592BFDDB5F00AEBFA3 /* FirebaseAppDistribution-Beta */,
				676DD25B2BFDDB5F00AEBFA3 /* FirebaseAuth */,
				676DD25D2BFDDB5F00AEBFA3 /* FirebaseAuthCombine-Community */,
				676DD25F2BFDDB5F00AEBFA3 /* FirebaseCrashlytics */,
				676DD2612BFDDB5F00AEBFA3 /* FirebaseDatabase */,
				676DD2632BFDDB5F00AEBFA3 /* FirebaseDatabaseSwift */,
				673BDCBD2BFEAA090097B038 /* GoogleSignIn */,
				673BDCBF2BFEAA090097B038 /* GoogleSignInSwift */,
			);
			productName = "br2-ios-base";
			productReference = 6764D7332BFBBAEC00119D62 /* br2-ios-base.app */;
			productType = "com.apple.product-type.application";
		};
/* End PBXNativeTarget section */

/* Begin PBXProject section */
		6764D72B2BFBBAEC00119D62 /* Project object */ = {
			isa = PBXProject;
			attributes = {
				BuildIndependentTargetsInParallel = 1;
				LastSwiftUpdateCheck = 1520;
				LastUpgradeCheck = 1520;
				TargetAttributes = {
					6764D7322BFBBAEC00119D62 = {
						CreatedOnToolsVersion = 15.2;
					};
				};
			};
			buildConfigurationList = 6764D72E2BFBBAEC00119D62 /* Build configuration list for PBXProject "br2-ios-base" */;
			compatibilityVersion = "Xcode 14.0";
			developmentRegion = en;
			hasScannedForEncodings = 0;
			knownRegions = (
				en,
				Base,
			);
			mainGroup = 6764D72A2BFBBAEC00119D62;
			packageReferences = (
				6764D74D2BFBBDFE00119D62 /* XCRemoteSwiftPackageReference "ReSwift" */,
				676DD2402BFD2FDD00AEBFA3 /* XCRemoteSwiftPackageReference "firebase-ios-sdk" */,
				673BDCBC2BFEAA090097B038 /* XCRemoteSwiftPackageReference "GoogleSignIn-iOS" */,
			);
			productRefGroup = 6764D7342BFBBAEC00119D62 /* Products */;
			projectDirPath = "";
			projectRoot = "";
			targets = (
				6764D7322BFBBAEC00119D62 /* br2-ios-base */,
			);
		};
/* End PBXProject section */

/* Begin PBXResourcesBuildPhase section */
		6764D7312BFBBAEC00119D62 /* Resources */ = {
			isa = PBXResourcesBuildPhase;
			buildActionMask = 2147483647;
			files = (
				6764D73E2BFBBAED00119D62 /* Preview Assets.xcassets in Resources */,
				6764D73B2BFBBAED00119D62 /* Assets.xcassets in Resources */,
				676DD24E2BFDDA4300AEBFA3 /* GoogleService-Info.plist in Resources */,
			);
			runOnlyForDeploymentPostprocessing = 0;
		};
/* End PBXResourcesBuildPhase section */

/* Begin PBXSourcesBuildPhase section */
		6764D72F2BFBBAEC00119D62 /* Sources */ = {
			isa = PBXSourcesBuildPhase;
			buildActionMask = 2147483647;
			files = (
				6764D7602BFBCCDF00119D62 /* UserProfileViewModel.swift in Sources */,
				6764D7392BFBBAEC00119D62 /* ContentView.swift in Sources */,
				6764D7592BFBCBEF00119D62 /* PreferencesView.swift in Sources */,
				6764D76B2BFBDA4400119D62 /* AuthService.swift in Sources */,
				6764D7632BFBD06100119D62 /* HomeView.swift in Sources */,
				6764D74A2BFBBB3E00119D62 /* AuthViewModel.swift in Sources */,
				6764D75E2BFBCCD000119D62 /* UserProfileView.swift in Sources */,
				6764D7672BFBD9BB00119D62 /* AppState.swift in Sources */,
				6764D7372BFBBAEC00119D62 /* br2_ios_baseApp.swift in Sources */,
				6764D75B2BFBCC0100119D62 /* PreferencesViewModel.swift in Sources */,
				6764D7462BFBBB1D00119D62 /* AuthView.swift in Sources */,
				6764D7652BFBD06F00119D62 /* HomeViewModel.swift in Sources */,
			);
			runOnlyForDeploymentPostprocessing = 0;
		};
/* End PBXSourcesBuildPhase section */

/* Begin XCBuildConfiguration section */
		6764D73F2BFBBAED00119D62 /* Debug */ = {
			isa = XCBuildConfiguration;
			buildSettings = {
				ALWAYS_SEARCH_USER_PATHS = NO;
				ASSETCATALOG_COMPILER_GENERATE_SWIFT_ASSET_SYMBOL_EXTENSIONS = YES;
				CLANG_ANALYZER_NONNULL = YES;
				CLANG_ANALYZER_NUMBER_OBJECT_CONVERSION = YES_AGGRESSIVE;
				CLANG_CXX_LANGUAGE_STANDARD = "gnu++20";
				CLANG_ENABLE_MODULES = YES;
				CLANG_ENABLE_OBJC_ARC = YES;
				CLANG_ENABLE_OBJC_WEAK = YES;
				CLANG_WARN_BLOCK_CAPTURE_AUTORELEASING = YES;
				CLANG_WARN_BOOL_CONVERSION = YES;
				CLANG_WARN_COMMA = YES;
				CLANG_WARN_CONSTANT_CONVERSION = YES;
				CLANG_WARN_DEPRECATED_OBJC_IMPLEMENTATIONS = YES;
				CLANG_WARN_DIRECT_OBJC_ISA_USAGE = YES_ERROR;
				CLANG_WARN_DOCUMENTATION_COMMENTS = YES;
				CLANG_WARN_EMPTY_BODY = YES;
				CLANG_WARN_ENUM_CONVERSION = YES;
				CLANG_WARN_INFINITE_RECURSION = YES;
				CLANG_WARN_INT_CONVERSION = YES;
				CLANG_WARN_NON_LITERAL_NULL_CONVERSION = YES;
				CLANG_WARN_OBJC_IMPLICIT_RETAIN_SELF = YES;
				CLANG_WARN_OBJC_LITERAL_CONVERSION = YES;
				CLANG_WARN_OBJC_ROOT_CLASS = YES_ERROR;
				CLANG_WARN_QUOTED_INCLUDE_IN_FRAMEWORK_HEADER = YES;
				CLANG_WARN_RANGE_LOOP_ANALYSIS = YES;
				CLANG_WARN_STRICT_PROTOTYPES = YES;
				CLANG_WARN_SUSPICIOUS_MOVE = YES;
				CLANG_WARN_UNGUARDED_AVAILABILITY = YES_AGGRESSIVE;
				CLANG_WARN_UNREACHABLE_CODE = YES;
				CLANG_WARN__DUPLICATE_METHOD_MATCH = YES;
				COPY_PHASE_STRIP = NO;
				DEBUG_INFORMATION_FORMAT = dwarf;
				ENABLE_STRICT_OBJC_MSGSEND = YES;
				ENABLE_TESTABILITY = YES;
				ENABLE_USER_SCRIPT_SANDBOXING = YES;
				GCC_C_LANGUAGE_STANDARD = gnu17;
				GCC_DYNAMIC_NO_PIC = NO;
				GCC_NO_COMMON_BLOCKS = YES;
				GCC_OPTIMIZATION_LEVEL = 0;
				GCC_PREPROCESSOR_DEFINITIONS = (
					"DEBUG=1",
					"$(inherited)",
				);
				GCC_WARN_64_TO_32_BIT_CONVERSION = YES;
				GCC_WARN_ABOUT_RETURN_TYPE = YES_ERROR;
				GCC_WARN_UNDECLARED_SELECTOR = YES;
				GCC_WARN_UNINITIALIZED_AUTOS = YES_AGGRESSIVE;
				GCC_WARN_UNUSED_FUNCTION = YES;
				GCC_WARN_UNUSED_VARIABLE = YES;
				IPHONEOS_DEPLOYMENT_TARGET = 17.2;
				LOCALIZATION_PREFERS_STRING_CATALOGS = YES;
				MTL_ENABLE_DEBUG_INFO = INCLUDE_SOURCE;
				MTL_FAST_MATH = YES;
				ONLY_ACTIVE_ARCH = YES;
				SDKROOT = iphoneos;
				SWIFT_ACTIVE_COMPILATION_CONDITIONS = "DEBUG $(inherited)";
				SWIFT_OPTIMIZATION_LEVEL = "-Onone";
			};
			name = Debug;
		};
		6764D7402BFBBAED00119D62 /* Release */ = {
			isa = XCBuildConfiguration;
			buildSettings = {
				ALWAYS_SEARCH_USER_PATHS = NO;
				ASSETCATALOG_COMPILER_GENERATE_SWIFT_ASSET_SYMBOL_EXTENSIONS = YES;
				CLANG_ANALYZER_NONNULL = YES;
				CLANG_ANALYZER_NUMBER_OBJECT_CONVERSION = YES_AGGRESSIVE;
				CLANG_CXX_LANGUAGE_STANDARD = "gnu++20";
				CLANG_ENABLE_MODULES = YES;
				CLANG_ENABLE_OBJC_ARC = YES;
				CLANG_ENABLE_OBJC_WEAK = YES;
				CLANG_WARN_BLOCK_CAPTURE_AUTORELEASING = YES;
				CLANG_WARN_BOOL_CONVERSION = YES;
				CLANG_WARN_COMMA = YES;
				CLANG_WARN_CONSTANT_CONVERSION = YES;
				CLANG_WARN_DEPRECATED_OBJC_IMPLEMENTATIONS = YES;
				CLANG_WARN_DIRECT_OBJC_ISA_USAGE = YES_ERROR;
				CLANG_WARN_DOCUMENTATION_COMMENTS = YES;
				CLANG_WARN_EMPTY_BODY = YES;
				CLANG_WARN_ENUM_CONVERSION = YES;
				CLANG_WARN_INFINITE_RECURSION = YES;
				CLANG_WARN_INT_CONVERSION = YES;
				CLANG_WARN_NON_LITERAL_NULL_CONVERSION = YES;
				CLANG_WARN_OBJC_IMPLICIT_RETAIN_SELF = YES;
				CLANG_WARN_OBJC_LITERAL_CONVERSION = YES;
				CLANG_WARN_OBJC_ROOT_CLASS = YES_ERROR;
				CLANG_WARN_QUOTED_INCLUDE_IN_FRAMEWORK_HEADER = YES;
				CLANG_WARN_RANGE_LOOP_ANALYSIS = YES;
				CLANG_WARN_STRICT_PROTOTYPES = YES;
				CLANG_WARN_SUSPICIOUS_MOVE = YES;
				CLANG_WARN_UNGUARDED_AVAILABILITY = YES_AGGRESSIVE;
				CLANG_WARN_UNREACHABLE_CODE = YES;
				CLANG_WARN__DUPLICATE_METHOD_MATCH = YES;
				COPY_PHASE_STRIP = NO;
				DEBUG_INFORMATION_FORMAT = "dwarf-with-dsym";
				ENABLE_NS_ASSERTIONS = NO;
				ENABLE_STRICT_OBJC_MSGSEND = YES;
				ENABLE_USER_SCRIPT_SANDBOXING = YES;
				GCC_C_LANGUAGE_STANDARD = gnu17;
				GCC_NO_COMMON_BLOCKS = YES;
				GCC_WARN_64_TO_32_BIT_CONVERSION = YES;
				GCC_WARN_ABOUT_RETURN_TYPE = YES_ERROR;
				GCC_WARN_UNDECLARED_SELECTOR = YES;
				GCC_WARN_UNINITIALIZED_AUTOS = YES_AGGRESSIVE;
				GCC_WARN_UNUSED_FUNCTION = YES;
				GCC_WARN_UNUSED_VARIABLE = YES;
				IPHONEOS_DEPLOYMENT_TARGET = 17.2;
				LOCALIZATION_PREFERS_STRING_CATALOGS = YES;
				MTL_ENABLE_DEBUG_INFO = NO;
				MTL_FAST_MATH = YES;
				SDKROOT = iphoneos;
				SWIFT_COMPILATION_MODE = wholemodule;
				VALIDATE_PRODUCT = YES;
			};
			name = Release;
		};
		6764D7422BFBBAED00119D62 /* Debug */ = {
			isa = XCBuildConfiguration;
			buildSettings = {
				ASSETCATALOG_COMPILER_APPICON_NAME = AppIcon;
				ASSETCATALOG_COMPILER_GLOBAL_ACCENT_COLOR_NAME = AccentColor;
				CODE_SIGN_STYLE = Automatic;
				CURRENT_PROJECT_VERSION = 1;
				DEVELOPMENT_ASSET_PATHS = "\"br2-ios-base/Preview Content\"";
				DEVELOPMENT_TEAM = 3Y69BC5249;
				ENABLE_PREVIEWS = YES;
				GENERATE_INFOPLIST_FILE = YES;
				INFOPLIST_KEY_UIApplicationSceneManifest_Generation = YES;
				INFOPLIST_KEY_UIApplicationSupportsIndirectInputEvents = YES;
				INFOPLIST_KEY_UILaunchScreen_Generation = YES;
				INFOPLIST_KEY_UISupportedInterfaceOrientations_iPad = "UIInterfaceOrientationPortrait UIInterfaceOrientationPortraitUpsideDown UIInterfaceOrientationLandscapeLeft UIInterfaceOrientationLandscapeRight";
				INFOPLIST_KEY_UISupportedInterfaceOrientations_iPhone = "UIInterfaceOrientationPortrait UIInterfaceOrientationLandscapeLeft UIInterfaceOrientationLandscapeRight";
				IPHONEOS_DEPLOYMENT_TARGET = 16.4;
				LD_RUNPATH_SEARCH_PATHS = (
					"$(inherited)",
					"@executable_path/Frameworks",
				);
				MARKETING_VERSION = 1.0;
				PRODUCT_BUNDLE_IDENTIFIER = "com.br2-ios-base";
				PRODUCT_NAME = "$(TARGET_NAME)";
				SWIFT_EMIT_LOC_STRINGS = YES;
				SWIFT_VERSION = 5.0;
				TARGETED_DEVICE_FAMILY = "1,2";
			};
			name = Debug;
		};
		6764D7432BFBBAED00119D62 /* Release */ = {
			isa = XCBuildConfiguration;
			buildSettings = {
				ASSETCATALOG_COMPILER_APPICON_NAME = AppIcon;
				ASSETCATALOG_COMPILER_GLOBAL_ACCENT_COLOR_NAME = AccentColor;
				CODE_SIGN_STYLE = Automatic;
				CURRENT_PROJECT_VERSION = 1;
				DEVELOPMENT_ASSET_PATHS = "\"br2-ios-base/Preview Content\"";
				DEVELOPMENT_TEAM = 3Y69BC5249;
				ENABLE_PREVIEWS = YES;
				GENERATE_INFOPLIST_FILE = YES;
				INFOPLIST_KEY_UIApplicationSceneManifest_Generation = YES;
				INFOPLIST_KEY_UIApplicationSupportsIndirectInputEvents = YES;
				INFOPLIST_KEY_UILaunchScreen_Generation = YES;
				INFOPLIST_KEY_UISupportedInterfaceOrientations_iPad = "UIInterfaceOrientationPortrait UIInterfaceOrientationPortraitUpsideDown UIInterfaceOrientationLandscapeLeft UIInterfaceOrientationLandscapeRight";
				INFOPLIST_KEY_UISupportedInterfaceOrientations_iPhone = "UIInterfaceOrientationPortrait UIInterfaceOrientationLandscapeLeft UIInterfaceOrientationLandscapeRight";
				IPHONEOS_DEPLOYMENT_TARGET = 16.4;
				LD_RUNPATH_SEARCH_PATHS = (
					"$(inherited)",
					"@executable_path/Frameworks",
				);
				MARKETING_VERSION = 1.0;
				PRODUCT_BUNDLE_IDENTIFIER = "com.br2-ios-base";
				PRODUCT_NAME = "$(TARGET_NAME)";
				SWIFT_EMIT_LOC_STRINGS = YES;
				SWIFT_VERSION = 5.0;
				TARGETED_DEVICE_FAMILY = "1,2";
			};
			name = Release;
		};
/* End XCBuildConfiguration section */

/* Begin XCConfigurationList section */
		6764D72E2BFBBAEC00119D62 /* Build configuration list for PBXProject "br2-ios-base" */ = {
			isa = XCConfigurationList;
			buildConfigurations = (
				6764D73F2BFBBAED00119D62 /* Debug */,
				6764D7402BFBBAED00119D62 /* Release */,
			);
			defaultConfigurationIsVisible = 0;
			defaultConfigurationName = Release;
		};
		6764D7412BFBBAED00119D62 /* Build configuration list for PBXNativeTarget "br2-ios-base" */ = {
			isa = XCConfigurationList;
			buildConfigurations = (
				6764D7422BFBBAED00119D62 /* Debug */,
				6764D7432BFBBAED00119D62 /* Release */,
			);
			defaultConfigurationIsVisible = 0;
			defaultConfigurationName = Release;
		};
/* End XCConfigurationList section */

/* Begin XCRemoteSwiftPackageReference section */
		673BDCBC2BFEAA090097B038 /* XCRemoteSwiftPackageReference "GoogleSignIn-iOS" */ = {
			isa = XCRemoteSwiftPackageReference;
			repositoryURL = "https://github.com/google/GoogleSignIn-iOS";
			requirement = {
				kind = upToNextMajorVersion;
				minimumVersion = 7.1.0;
			};
		};
		6764D74D2BFBBDFE00119D62 /* XCRemoteSwiftPackageReference "ReSwift" */ = {
			isa = XCRemoteSwiftPackageReference;
			repositoryURL = "https://github.com/ReSwift/ReSwift.git";
			requirement = {
				kind = upToNextMajorVersion;
				minimumVersion = 6.1.1;
			};
		};
		676DD2402BFD2FDD00AEBFA3 /* XCRemoteSwiftPackageReference "firebase-ios-sdk" */ = {
			isa = XCRemoteSwiftPackageReference;
			repositoryURL = "https://github.com/firebase/firebase-ios-sdk.git";
			requirement = {
				kind = upToNextMajorVersion;
				minimumVersion = 10.26.0;
			};
		};
/* End XCRemoteSwiftPackageReference section */

/* Begin XCSwiftPackageProductDependency section */
		673BDCBD2BFEAA090097B038 /* GoogleSignIn */ = {
			isa = XCSwiftPackageProductDependency;
			package = 673BDCBC2BFEAA090097B038 /* XCRemoteSwiftPackageReference "GoogleSignIn-iOS" */;
			productName = GoogleSignIn;
		};
		673BDCBF2BFEAA090097B038 /* GoogleSignInSwift */ = {
			isa = XCSwiftPackageProductDependency;
			package = 673BDCBC2BFEAA090097B038 /* XCRemoteSwiftPackageReference "GoogleSignIn-iOS" */;
			productName = GoogleSignInSwift;
		};
		6764D74E2BFBBDFE00119D62 /* ReSwift */ = {
			isa = XCSwiftPackageProductDependency;
			package = 6764D74D2BFBBDFE00119D62 /* XCRemoteSwiftPackageReference "ReSwift" */;
			productName = ReSwift;
		};
		676DD2412BFD2FDD00AEBFA3 /* FirebaseAnalytics */ = {
			isa = XCSwiftPackageProductDependency;
			package = 676DD2402BFD2FDD00AEBFA3 /* XCRemoteSwiftPackageReference "firebase-ios-sdk" */;
			productName = FirebaseAnalytics;
		};
		676DD2432BFD2FDD00AEBFA3 /* FirebaseAnalyticsOnDeviceConversion */ = {
			isa = XCSwiftPackageProductDependency;
			package = 676DD2402BFD2FDD00AEBFA3 /* XCRemoteSwiftPackageReference "firebase-ios-sdk" */;
			productName = FirebaseAnalyticsOnDeviceConversion;
		};
		676DD2452BFD2FDD00AEBFA3 /* FirebaseAnalyticsSwift */ = {
			isa = XCSwiftPackageProductDependency;
			package = 676DD2402BFD2FDD00AEBFA3 /* XCRemoteSwiftPackageReference "firebase-ios-sdk" */;
			productName = FirebaseAnalyticsSwift;
		};
		676DD2472BFD2FDD00AEBFA3 /* FirebaseAnalyticsWithoutAdIdSupport */ = {
			isa = XCSwiftPackageProductDependency;
			package = 676DD2402BFD2FDD00AEBFA3 /* XCRemoteSwiftPackageReference "firebase-ios-sdk" */;
			productName = FirebaseAnalyticsWithoutAdIdSupport;
		};
		676DD2492BFD2FDD00AEBFA3 /* FirebaseAppCheck */ = {
			isa = XCSwiftPackageProductDependency;
			package = 676DD2402BFD2FDD00AEBFA3 /* XCRemoteSwiftPackageReference "firebase-ios-sdk" */;
			productName = FirebaseAppCheck;
		};
		676DD24F2BFDDB5F00AEBFA3 /* FirebaseAnalytics */ = {
			isa = XCSwiftPackageProductDependency;
			package = 676DD2402BFD2FDD00AEBFA3 /* XCRemoteSwiftPackageReference "firebase-ios-sdk" */;
			productName = FirebaseAnalytics;
		};
		676DD2512BFDDB5F00AEBFA3 /* FirebaseAnalyticsOnDeviceConversion */ = {
			isa = XCSwiftPackageProductDependency;
			package = 676DD2402BFD2FDD00AEBFA3 /* XCRemoteSwiftPackageReference "firebase-ios-sdk" */;
			productName = FirebaseAnalyticsOnDeviceConversion;
		};
		676DD2532BFDDB5F00AEBFA3 /* FirebaseAnalyticsSwift */ = {
			isa = XCSwiftPackageProductDependency;
			package = 676DD2402BFD2FDD00AEBFA3 /* XCRemoteSwiftPackageReference "firebase-ios-sdk" */;
			productName = FirebaseAnalyticsSwift;
		};
		676DD2552BFDDB5F00AEBFA3 /* FirebaseAnalyticsWithoutAdIdSupport */ = {
			isa = XCSwiftPackageProductDependency;
			package = 676DD2402BFD2FDD00AEBFA3 /* XCRemoteSwiftPackageReference "firebase-ios-sdk" */;
			productName = FirebaseAnalyticsWithoutAdIdSupport;
		};
		676DD2572BFDDB5F00AEBFA3 /* FirebaseAppCheck */ = {
			isa = XCSwiftPackageProductDependency;
			package = 676DD2402BFD2FDD00AEBFA3 /* XCRemoteSwiftPackageReference "firebase-ios-sdk" */;
			productName = FirebaseAppCheck;
		};
		676DD2592BFDDB5F00AEBFA3 /* FirebaseAppDistribution-Beta */ = {
			isa = XCSwiftPackageProductDependency;
			package = 676DD2402BFD2FDD00AEBFA3 /* XCRemoteSwiftPackageReference "firebase-ios-sdk" */;
			productName = "FirebaseAppDistribution-Beta";
		};
		676DD25B2BFDDB5F00AEBFA3 /* FirebaseAuth */ = {
			isa = XCSwiftPackageProductDependency;
			package = 676DD2402BFD2FDD00AEBFA3 /* XCRemoteSwiftPackageReference "firebase-ios-sdk" */;
			productName = FirebaseAuth;
		};
		676DD25D2BFDDB5F00AEBFA3 /* FirebaseAuthCombine-Community */ = {
			isa = XCSwiftPackageProductDependency;
			package = 676DD2402BFD2FDD00AEBFA3 /* XCRemoteSwiftPackageReference "firebase-ios-sdk" */;
			productName = "FirebaseAuthCombine-Community";
		};
		676DD25F2BFDDB5F00AEBFA3 /* FirebaseCrashlytics */ = {
			isa = XCSwiftPackageProductDependency;
			package = 676DD2402BFD2FDD00AEBFA3 /* XCRemoteSwiftPackageReference "firebase-ios-sdk" */;
			productName = FirebaseCrashlytics;
		};
		676DD2612BFDDB5F00AEBFA3 /* FirebaseDatabase */ = {
			isa = XCSwiftPackageProductDependency;
			package = 676DD2402BFD2FDD00AEBFA3 /* XCRemoteSwiftPackageReference "firebase-ios-sdk" */;
			productName = FirebaseDatabase;
		};
		676DD2632BFDDB5F00AEBFA3 /* FirebaseDatabaseSwift */ = {
			isa = XCSwiftPackageProductDependency;
			package = 676DD2402BFD2FDD00AEBFA3 /* XCRemoteSwiftPackageReference "firebase-ios-sdk" */;
			productName = FirebaseDatabaseSwift;
		};
/* End XCSwiftPackageProductDependency section */
	};
	rootObject = 6764D72B2BFBBAEC00119D62 /* Project object */;
}
